
Microsoft Visual Studio Solution File, Format Version 12.00
# Visual Studio 2013
VisualStudioVersion = 12.0.31101.0
MinimumVisualStudioVersion = 10.0.40219.1
Project("{FAE04EC0-301F-11D3-BF4B-00C04F79EFBC}") = "BebaVinho.DataBase", "BebaVinho.DataBase\BebaVinho.DataBase.csproj", "{6A518A52-234E-41C2-903D-75CCDC5E03FA}"
EndProject
Project("{FAE04EC0-301F-11D3-BF4B-00C04F79EFBC}") = "BebaVinho.Domain", "BebaVinho.Domain\BebaVinho.Domain.csproj", "{B77A9D1B-4E58-498F-926A-20D773F80F86}"
EndProject
Project("{FAE04EC0-301F-11D3-BF4B-00C04F79EFBC}") = "BebaVinho.Business", "BebaVinho.Business\BebaVinho.Business.csproj", "{AB88374A-02DC-4BBF-8B05-A6681C60F690}"
EndProject
Project("{FAE04EC0-301F-11D3-BF4B-00C04F79EFBC}") = "BebaVinho.Infrastructure", "BebaVinho.Infrastructure\BebaVinho.Infrastructure.csproj", "{7CDDD130-B455-4377-9830-92BF988BBCD9}"
EndProject
Project("{FAE04EC0-301F-11D3-BF4B-00C04F79EFBC}") = "BebaVinho.Test", "BebaVinho.Test\BebaVinho.Test.csproj", "{72644993-C35D-4DA5-A4FD-C470F0ABBA63}"
EndProject
Project("{2150E333-8FDC-42A3-9474-1A3956D46DE8}") = "BebaVinho.UI", "BebaVinho.UI", "{9CDFC341-CEFB-41D3-9EBC-03BE10E37E62}"
EndProject
Project("{FAE04EC0-301F-11D3-BF4B-00C04F79EFBC}") = "BebaVinho.MVC", "BebaVinho.MVC\BebaVinho.MVC.csproj", "{0951FE35-DED8-47AB-969E-4F151C71F73A}"
EndProject
Project("{2150E333-8FDC-42A3-9474-1A3956D46DE8}") = ".nuget", ".nuget", "{2E7EF4DC-C4ED-4C84-A9E5-ED94A9712E06}"
	ProjectSection(SolutionItems) = preProject
		.nuget\NuGet.Config = .nuget\NuGet.Config
		.nuget\NuGet.exe = .nuget\NuGet.exe
		.nuget\NuGet.targets = .nuget\NuGet.targets
	EndProjectSection
EndProject
Project("{FAE04EC0-301F-11D3-BF4B-00C04F79EFBC}") = "BebaVinho.Helper", "BebaVinho.Helper\BebaVinho.Helper.csproj", "{C6E18427-1A53-4DE1-B10C-1F9106D9940F}"
EndProject
Global
	GlobalSection(TeamFoundationVersionControl) = preSolution
		SccNumberOfProjects = 8
		SccEnterpriseProvider = {4CA58AB2-18FA-4F8D-95D4-32DDF27D184C}
		SccTeamFoundationServer = https://bomite.visualstudio.com/defaultcollection
		SccLocalPath0 = .
		SccProjectUniqueName1 = BebaVinho.Business\\BebaVinho.Business.csproj
		SccProjectName1 = BebaVinho.Business
		SccLocalPath1 = BebaVinho.Business
		SccProjectUniqueName2 = BebaVinho.DataBase\\BebaVinho.DataBase.csproj
		SccProjectName2 = BebaVinho.DataBase
		SccLocalPath2 = BebaVinho.DataBase
		SccProjectUniqueName3 = BebaVinho.Domain\\BebaVinho.Domain.csproj
		SccProjectName3 = BebaVinho.Domain
		SccLocalPath3 = BebaVinho.Domain
		SccProjectUniqueName4 = BebaVinho.Infrastructure\\BebaVinho.Infrastructure.csproj
		SccProjectName4 = BebaVinho.Infrastructure
		SccLocalPath4 = BebaVinho.Infrastructure
		SccProjectUniqueName5 = BebaVinho.MVC\\BebaVinho.MVC.csproj
		SccProjectTopLevelParentUniqueName5 = BebaVinho.sln
		SccProjectName5 = BebaVinho.MVC
		SccLocalPath5 = BebaVinho.MVC
		SccProjectUniqueName6 = BebaVinho.Test\\BebaVinho.Test.csproj
		SccProjectName6 = BebaVinho.Test
		SccLocalPath6 = BebaVinho.Test
		SccProjectUniqueName7 = BebaVinho.Helper\\BebaVinho.Helper.csproj
		SccProjectName7 = BebaVinho.Helper
		SccLocalPath7 = BebaVinho.Helper
	EndGlobalSection
	GlobalSection(SolutionConfigurationPlatforms) = preSolution
		Debug|Any CPU = Debug|Any CPU
		Release|Any CPU = Release|Any CPU
	EndGlobalSection
	GlobalSection(ProjectConfigurationPlatforms) = postSolution
		{6A518A52-234E-41C2-903D-75CCDC5E03FA}.Debug|Any CPU.ActiveCfg = Debug|Any CPU
		{6A518A52-234E-41C2-903D-75CCDC5E03FA}.Debug|Any CPU.Build.0 = Debug|Any CPU
		{6A518A52-234E-41C2-903D-75CCDC5E03FA}.Release|Any CPU.ActiveCfg = Release|Any CPU
		{6A518A52-234E-41C2-903D-75CCDC5E03FA}.Release|Any CPU.Build.0 = Release|Any CPU
		{B77A9D1B-4E58-498F-926A-20D773F80F86}.Debug|Any CPU.ActiveCfg = Debug|Any CPU
		{B77A9D1B-4E58-498F-926A-20D773F80F86}.Debug|Any CPU.Build.0 = Debug|Any CPU
		{B77A9D1B-4E58-498F-926A-20D773F80F86}.Release|Any CPU.ActiveCfg = Release|Any CPU
		{B77A9D1B-4E58-498F-926A-20D773F80F86}.Release|Any CPU.Build.0 = Release|Any CPU
		{AB88374A-02DC-4BBF-8B05-A6681C60F690}.Debug|Any CPU.ActiveCfg = Debug|Any CPU
		{AB88374A-02DC-4BBF-8B05-A6681C60F690}.Debug|Any CPU.Build.0 = Debug|Any CPU
		{AB88374A-02DC-4BBF-8B05-A6681C60F690}.Release|Any CPU.ActiveCfg = Release|Any CPU
		{AB88374A-02DC-4BBF-8B05-A6681C60F690}.Release|Any CPU.Build.0 = Release|Any CPU
		{7CDDD130-B455-4377-9830-92BF988BBCD9}.Debug|Any CPU.ActiveCfg = Debug|Any CPU
		{7CDDD130-B455-4377-9830-92BF988BBCD9}.Debug|Any CPU.Build.0 = Debug|Any CPU
		{7CDDD130-B455-4377-9830-92BF988BBCD9}.Release|Any CPU.ActiveCfg = Release|Any CPU
		{7CDDD130-B455-4377-9830-92BF988BBCD9}.Release|Any CPU.Build.0 = Release|Any CPU
		{72644993-C35D-4DA5-A4FD-C470F0ABBA63}.Debug|Any CPU.ActiveCfg = Debug|Any CPU
		{72644993-C35D-4DA5-A4FD-C470F0ABBA63}.Debug|Any CPU.Build.0 = Debug|Any CPU
		{72644993-C35D-4DA5-A4FD-C470F0ABBA63}.Release|Any CPU.ActiveCfg = Release|Any CPU
		{72644993-C35D-4DA5-A4FD-C470F0ABBA63}.Release|Any CPU.Build.0 = Release|Any CPU
		{0951FE35-DED8-47AB-969E-4F151C71F73A}.Debug|Any CPU.ActiveCfg = Debug|Any CPU
		{0951FE35-DED8-47AB-969E-4F151C71F73A}.Debug|Any CPU.Build.0 = Debug|Any CPU
		{0951FE35-DED8-47AB-969E-4F151C71F73A}.Release|Any CPU.ActiveCfg = Release|Any CPU
		{0951FE35-DED8-47AB-969E-4F151C71F73A}.Release|Any CPU.Build.0 = Release|Any CPU
		{C6E18427-1A53-4DE1-B10C-1F9106D9940F}.Debug|Any CPU.ActiveCfg = Debug|Any CPU
		{C6E18427-1A53-4DE1-B10C-1F9106D9940F}.Debug|Any CPU.Build.0 = Debug|Any CPU
		{C6E18427-1A53-4DE1-B10C-1F9106D9940F}.Release|Any CPU.ActiveCfg = Release|Any CPU
		{C6E18427-1A53-4DE1-B10C-1F9106D9940F}.Release|Any CPU.Build.0 = Release|Any CPU
	EndGlobalSection
	GlobalSection(SolutionProperties) = preSolution
		HideSolutionNode = FALSE
	EndGlobalSection
	GlobalSection(NestedProjects) = preSolution
		{0951FE35-DED8-47AB-969E-4F151C71F73A} = {9CDFC341-CEFB-41D3-9EBC-03BE10E37E62}
	EndGlobalSection
EndGlobal
